// !$*UTF8*$!
{
	archiveVersion = 1;
	classes = {
	};
	objectVersion = 56;
	objects = {

/* Begin PBXBuildFile section */
		3099AA332BD3BD0200240EEF /* intagram_storyApp.swift in Sources */ = {isa = PBXBuildFile; fileRef = 3099AA322BD3BD0200240EEF /* intagram_storyApp.swift */; };
		3099AA352BD3BD0200240EEF /* ContentView.swift in Sources */ = {isa = PBXBuildFile; fileRef = 3099AA342BD3BD0200240EEF /* ContentView.swift */; };
		3099AA372BD3BD0200240EEF /* Item.swift in Sources */ = {isa = PBXBuildFile; fileRef = 3099AA362BD3BD0200240EEF /* Item.swift */; };
		3099AA392BD3BD0400240EEF /* Assets.xcassets in Resources */ = {isa = PBXBuildFile; fileRef = 3099AA382BD3BD0400240EEF /* Assets.xcassets */; };
		3099AA3D2BD3BD0400240EEF /* Preview Assets.xcassets in Resources */ = {isa = PBXBuildFile; fileRef = 3099AA3C2BD3BD0400240EEF /* Preview Assets.xcassets */; };
		3099AA472BD3BD0400240EEF /* intagram_storyTests.swift in Sources */ = {isa = PBXBuildFile; fileRef = 3099AA462BD3BD0400240EEF /* intagram_storyTests.swift */; };
		3099AA512BD3BD0400240EEF /* intagram_storyUITests.swift in Sources */ = {isa = PBXBuildFile; fileRef = 3099AA502BD3BD0400240EEF /* intagram_storyUITests.swift */; };
		3099AA532BD3BD0400240EEF /* intagram_storyUITestsLaunchTests.swift in Sources */ = {isa = PBXBuildFile; fileRef = 3099AA522BD3BD0400240EEF /* intagram_storyUITestsLaunchTests.swift */; };
/* End PBXBuildFile section */

/* Begin PBXContainerItemProxy section */
		3099AA432BD3BD0400240EEF /* PBXContainerItemProxy */ = {
			isa = PBXContainerItemProxy;
			containerPortal = 3099AA272BD3BD0200240EEF /* Project object */;
			proxyType = 1;
			remoteGlobalIDString = 3099AA2E2BD3BD0200240EEF;
			remoteInfo = "intagram-story";
		};
		3099AA4D2BD3BD0400240EEF /* PBXContainerItemProxy */ = {
			isa = PBXContainerItemProxy;
			containerPortal = 3099AA272BD3BD0200240EEF /* Project object */;
			proxyType = 1;
			remoteGlobalIDString = 3099AA2E2BD3BD0200240EEF;
			remoteInfo = "intagram-story";
		};
/* End PBXContainerItemProxy section */

/* Begin PBXFileReference section */
		3099AA2F2BD3BD0200240EEF /* intagram-story.app */ = {isa = PBXFileReference; explicitFileType = wrapper.application; includeInIndex = 0; path = "intagram-story.app"; sourceTree = BUILT_PRODUCTS_DIR; };
		3099AA322BD3BD0200240EEF /* intagram_storyApp.swift */ = {isa = PBXFileReference; lastKnownFileType = sourcecode.swift; path = intagram_storyApp.swift; sourceTree = "<group>"; };
		3099AA342BD3BD0200240EEF /* ContentView.swift */ = {isa = PBXFileReference; lastKnownFileType = sourcecode.swift; path = ContentView.swift; sourceTree = "<group>"; };
		3099AA362BD3BD0200240EEF /* Item.swift */ = {isa = PBXFileReference; lastKnownFileType = sourcecode.swift; path = Item.swift; sourceTree = "<group>"; };
		3099AA382BD3BD0400240EEF /* Assets.xcassets */ = {isa = PBXFileReference; lastKnownFileType = folder.assetcatalog; path = Assets.xcassets; sourceTree = "<group>"; };
		3099AA3A2BD3BD0400240EEF /* intagram_story.entitlements */ = {isa = PBXFileReference; lastKnownFileType = text.plist.entitlements; path = intagram_story.entitlements; sourceTree = "<group>"; };
		3099AA3C2BD3BD0400240EEF /* Preview Assets.xcassets */ = {isa = PBXFileReference; lastKnownFileType = folder.assetcatalog; path = "Preview Assets.xcassets"; sourceTree = "<group>"; };
		3099AA422BD3BD0400240EEF /* intagram-storyTests.xctest */ = {isa = PBXFileReference; explicitFileType = wrapper.cfbundle; includeInIndex = 0; path = "intagram-storyTests.xctest"; sourceTree = BUILT_PRODUCTS_DIR; };
		3099AA462BD3BD0400240EEF /* intagram_storyTests.swift */ = {isa = PBXFileReference; lastKnownFileType = sourcecode.swift; path = intagram_storyTests.swift; sourceTree = "<group>"; };
		3099AA4C2BD3BD0400240EEF /* intagram-storyUITests.xctest */ = {isa = PBXFileReference; explicitFileType = wrapper.cfbundle; includeInIndex = 0; path = "intagram-storyUITests.xctest"; sourceTree = BUILT_PRODUCTS_DIR; };
		3099AA502BD3BD0400240EEF /* intagram_storyUITests.swift */ = {isa = PBXFileReference; lastKnownFileType = sourcecode.swift; path = intagram_storyUITests.swift; sourceTree = "<group>"; };
		3099AA522BD3BD0400240EEF /* intagram_storyUITestsLaunchTests.swift */ = {isa = PBXFileReference; lastKnownFileType = sourcecode.swift; path = intagram_storyUITestsLaunchTests.swift; sourceTree = "<group>"; };
/* End PBXFileReference section */

/* Begin PBXFrameworksBuildPhase section */
		3099AA2C2BD3BD0200240EEF /* Frameworks */ = {
			isa = PBXFrameworksBuildPhase;
			buildActionMask = 2147483647;
			files = (
			);
			runOnlyForDeploymentPostprocessing = 0;
		};
		3099AA3F2BD3BD0400240EEF /* Frameworks */ = {
			isa = PBXFrameworksBuildPhase;
			buildActionMask = 2147483647;
			files = (
			);
			runOnlyForDeploymentPostprocessing = 0;
		};
		3099AA492BD3BD0400240EEF /* Frameworks */ = {
			isa = PBXFrameworksBuildPhase;
			buildActionMask = 2147483647;
			files = (
			);
			runOnlyForDeploymentPostprocessing = 0;
		};
/* End PBXFrameworksBuildPhase section */

/* Begin PBXGroup section */
		3099AA262BD3BD0200240EEF = {
			isa = PBXGroup;
			children = (
				3099AA312BD3BD0200240EEF /* intagram-story */,
				3099AA452BD3BD0400240EEF /* intagram-storyTests */,
				3099AA4F2BD3BD0400240EEF /* intagram-storyUITests */,
				3099AA302BD3BD0200240EEF /* Products */,
			);
			sourceTree = "<group>";
		};
		3099AA302BD3BD0200240EEF /* Products */ = {
			isa = PBXGroup;
			children = (
				3099AA2F2BD3BD0200240EEF /* intagram-story.app */,
				3099AA422BD3BD0400240EEF /* intagram-storyTests.xctest */,
				3099AA4C2BD3BD0400240EEF /* intagram-storyUITests.xctest */,
			);
			name = Products;
			sourceTree = "<group>";
		};
		3099AA312BD3BD0200240EEF /* intagram-story */ = {
			isa = PBXGroup;
			children = (
				3099AA322BD3BD0200240EEF /* intagram_storyApp.swift */,
				3099AA342BD3BD0200240EEF /* ContentView.swift */,
				3099AA362BD3BD0200240EEF /* Item.swift */,
				3099AA382BD3BD0400240EEF /* Assets.xcassets */,
				3099AA3A2BD3BD0400240EEF /* intagram_story.entitlements */,
				3099AA3B2BD3BD0400240EEF /* Preview Content */,
			);
			path = "intagram-story";
			sourceTree = "<group>";
		};
		3099AA3B2BD3BD0400240EEF /* Preview Content */ = {
			isa = PBXGroup;
			children = (
				3099AA3C2BD3BD0400240EEF /* Preview Assets.xcassets */,
			);
			path = "Preview Content";
			sourceTree = "<group>";
		};
		3099AA452BD3BD0400240EEF /* intagram-storyTests */ = {
			isa = PBXGroup;
			children = (
				3099AA462BD3BD0400240EEF /* intagram_storyTests.swift */,
			);
			path = "intagram-storyTests";
			sourceTree = "<group>";
		};
		3099AA4F2BD3BD0400240EEF /* intagram-storyUITests */ = {
			isa = PBXGroup;
			children = (
				3099AA502BD3BD0400240EEF /* intagram_storyUITests.swift */,
				3099AA522BD3BD0400240EEF /* intagram_storyUITestsLaunchTests.swift */,
			);
			path = "intagram-storyUITests";
			sourceTree = "<group>";
		};
/* End PBXGroup section */

/* Begin PBXNativeTarget section */
		3099AA2E2BD3BD0200240EEF /* intagram-story */ = {
			isa = PBXNativeTarget;
			buildConfigurationList = 3099AA562BD3BD0400240EEF /* Build configuration list for PBXNativeTarget "intagram-story" */;
			buildPhases = (
				3099AA2B2BD3BD0200240EEF /* Sources */,
				3099AA2C2BD3BD0200240EEF /* Frameworks */,
				3099AA2D2BD3BD0200240EEF /* Resources */,
			);
			buildRules = (
			);
			dependencies = (
			);
			name = "intagram-story";
			productName = "intagram-story";
			productReference = 3099AA2F2BD3BD0200240EEF /* intagram-story.app */;
			productType = "com.apple.product-type.application";
		};
		3099AA412BD3BD0400240EEF /* intagram-storyTests */ = {
			isa = PBXNativeTarget;
			buildConfigurationList = 3099AA592BD3BD0400240EEF /* Build configuration list for PBXNativeTarget "intagram-storyTests" */;
			buildPhases = (
				3099AA3E2BD3BD0400240EEF /* Sources */,
				3099AA3F2BD3BD0400240EEF /* Frameworks */,
				3099AA402BD3BD0400240EEF /* Resources */,
			);
			buildRules = (
			);
			dependencies = (
				3099AA442BD3BD0400240EEF /* PBXTargetDependency */,
			);
			name = "intagram-storyTests";
			productName = "intagram-storyTests";
			productReference = 3099AA422BD3BD0400240EEF /* intagram-storyTests.xctest */;
			productType = "com.apple.product-type.bundle.unit-test";
		};
		3099AA4B2BD3BD0400240EEF /* intagram-storyUITests */ = {
			isa = PBXNativeTarget;
			buildConfigurationList = 3099AA5C2BD3BD0400240EEF /* Build configuration list for PBXNativeTarget "intagram-storyUITests" */;
			buildPhases = (
				3099AA482BD3BD0400240EEF /* Sources */,
				3099AA492BD3BD0400240EEF /* Frameworks */,
				3099AA4A2BD3BD0400240EEF /* Resources */,
			);
			buildRules = (
			);
			dependencies = (
				3099AA4E2BD3BD0400240EEF /* PBXTargetDependency */,
			);
			name = "intagram-storyUITests";
			productName = "intagram-storyUITests";
			productReference = 3099AA4C2BD3BD0400240EEF /* intagram-storyUITests.xctest */;
			productType = "com.apple.product-type.bundle.ui-testing";
		};
/* End PBXNativeTarget section */

/* Begin PBXProject section */
		3099AA272BD3BD0200240EEF /* Project object */ = {
			isa = PBXProject;
			attributes = {
				BuildIndependentTargetsInParallel = 1;
				LastSwiftUpdateCheck = 1530;
				LastUpgradeCheck = 1530;
				TargetAttributes = {
					3099AA2E2BD3BD0200240EEF = {
						CreatedOnToolsVersion = 15.3;
					};
					3099AA412BD3BD0400240EEF = {
						CreatedOnToolsVersion = 15.3;
						TestTargetID = 3099AA2E2BD3BD0200240EEF;
					};
					3099AA4B2BD3BD0400240EEF = {
						CreatedOnToolsVersion = 15.3;
						TestTargetID = 3099AA2E2BD3BD0200240EEF;
					};
				};
			};
			buildConfigurationList = 3099AA2A2BD3BD0200240EEF /* Build configuration list for PBXProject "intagram-story" */;
			compatibilityVersion = "Xcode 14.0";
			developmentRegion = en;
			hasScannedForEncodings = 0;
			knownRegions = (
				en,
				Base,
			);
			mainGroup = 3099AA262BD3BD0200240EEF;
			productRefGroup = 3099AA302BD3BD0200240EEF /* Products */;
			projectDirPath = "";
			projectRoot = "";
			targets = (
				3099AA2E2BD3BD0200240EEF /* intagram-story */,
				3099AA412BD3BD0400240EEF /* intagram-storyTests */,
				3099AA4B2BD3BD0400240EEF /* intagram-storyUITests */,
			);
		};
/* End PBXProject section */

/* Begin PBXResourcesBuildPhase section */
		3099AA2D2BD3BD0200240EEF /* Resources */ = {
			isa = PBXResourcesBuildPhase;
			buildActionMask = 2147483647;
			files = (
				3099AA3D2BD3BD0400240EEF /* Preview Assets.xcassets in Resources */,
				3099AA392BD3BD0400240EEF /* Assets.xcassets in Resources */,
			);
			runOnlyForDeploymentPostprocessing = 0;
		};
		3099AA402BD3BD0400240EEF /* Resources */ = {
			isa = PBXResourcesBuildPhase;
			buildActionMask = 2147483647;
			files = (
			);
			runOnlyForDeploymentPostprocessing = 0;
		};
		3099AA4A2BD3BD0400240EEF /* Resources */ = {
			isa = PBXResourcesBuildPhase;
			buildActionMask = 2147483647;
			files = (
			);
			runOnlyForDeploymentPostprocessing = 0;
		};
/* End PBXResourcesBuildPhase section */

/* Begin PBXSourcesBuildPhase section */
		3099AA2B2BD3BD0200240EEF /* Sources */ = {
			isa = PBXSourcesBuildPhase;
			buildActionMask = 2147483647;
			files = (
				3099AA352BD3BD0200240EEF /* ContentView.swift in Sources */,
				3099AA372BD3BD0200240EEF /* Item.swift in Sources */,
				3099AA332BD3BD0200240EEF /* intagram_storyApp.swift in Sources */,
			);
			runOnlyForDeploymentPostprocessing = 0;
		};
		3099AA3E2BD3BD0400240EEF /* Sources */ = {
			isa = PBXSourcesBuildPhase;
			buildActionMask = 2147483647;
			files = (
				3099AA472BD3BD0400240EEF /* intagram_storyTests.swift in Sources */,
			);
			runOnlyForDeploymentPostprocessing = 0;
		};
		3099AA482BD3BD0400240EEF /* Sources */ = {
			isa = PBXSourcesBuildPhase;
			buildActionMask = 2147483647;
			files = (
				3099AA512BD3BD0400240EEF /* intagram_storyUITests.swift in Sources */,
				3099AA532BD3BD0400240EEF /* intagram_storyUITestsLaunchTests.swift in Sources */,
			);
			runOnlyForDeploymentPostprocessing = 0;
		};
/* End PBXSourcesBuildPhase section */

/* Begin PBXTargetDependency section */
		3099AA442BD3BD0400240EEF /* PBXTargetDependency */ = {
			isa = PBXTargetDependency;
			target = 3099AA2E2BD3BD0200240EEF /* intagram-story */;
			targetProxy = 3099AA432BD3BD0400240EEF /* PBXContainerItemProxy */;
		};
		3099AA4E2BD3BD0400240EEF /* PBXTargetDependency */ = {
			isa = PBXTargetDependency;
			target = 3099AA2E2BD3BD0200240EEF /* intagram-story */;
			targetProxy = 3099AA4D2BD3BD0400240EEF /* PBXContainerItemProxy */;
		};
/* End PBXTargetDependency section */

/* Begin XCBuildConfiguration section */
		3099AA542BD3BD0400240EEF /* Debug */ = {
			isa = XCBuildConfiguration;
			buildSettings = {
				ALWAYS_SEARCH_USER_PATHS = NO;
				ASSETCATALOG_COMPILER_GENERATE_SWIFT_ASSET_SYMBOL_EXTENSIONS = YES;
				CLANG_ANALYZER_NONNULL = YES;
				CLANG_ANALYZER_NUMBER_OBJECT_CONVERSION = YES_AGGRESSIVE;
				CLANG_CXX_LANGUAGE_STANDARD = "gnu++20";
				CLANG_ENABLE_MODULES = YES;
				CLANG_ENABLE_OBJC_ARC = YES;
				CLANG_ENABLE_OBJC_WEAK = YES;
				CLANG_WARN_BLOCK_CAPTURE_AUTORELEASING = YES;
				CLANG_WARN_BOOL_CONVERSION = YES;
				CLANG_WARN_COMMA = YES;
				CLANG_WARN_CONSTANT_CONVERSION = YES;
				CLANG_WARN_DEPRECATED_OBJC_IMPLEMENTATIONS = YES;
				CLANG_WARN_DIRECT_OBJC_ISA_USAGE = YES_ERROR;
				CLANG_WARN_DOCUMENTATION_COMMENTS = YES;
				CLANG_WARN_EMPTY_BODY = YES;
				CLANG_WARN_ENUM_CONVERSION = YES;
				CLANG_WARN_INFINITE_RECURSION = YES;
				CLANG_WARN_INT_CONVERSION = YES;
				CLANG_WARN_NON_LITERAL_NULL_CONVERSION = YES;
				CLANG_WARN_OBJC_IMPLICIT_RETAIN_SELF = YES;
				CLANG_WARN_OBJC_LITERAL_CONVERSION = YES;
				CLANG_WARN_OBJC_ROOT_CLASS = YES_ERROR;
				CLANG_WARN_QUOTED_INCLUDE_IN_FRAMEWORK_HEADER = YES;
				CLANG_WARN_RANGE_LOOP_ANALYSIS = YES;
				CLANG_WARN_STRICT_PROTOTYPES = YES;
				CLANG_WARN_SUSPICIOUS_MOVE = YES;
				CLANG_WARN_UNGUARDED_AVAILABILITY = YES_AGGRESSIVE;
				CLANG_WARN_UNREACHABLE_CODE = YES;
				CLANG_WARN__DUPLICATE_METHOD_MATCH = YES;
				COPY_PHASE_STRIP = NO;
				DEBUG_INFORMATION_FORMAT = dwarf;
				ENABLE_STRICT_OBJC_MSGSEND = YES;
				ENABLE_TESTABILITY = YES;
				ENABLE_USER_SCRIPT_SANDBOXING = YES;
				GCC_C_LANGUAGE_STANDARD = gnu17;
				GCC_DYNAMIC_NO_PIC = NO;
				GCC_NO_COMMON_BLOCKS = YES;
				GCC_OPTIMIZATION_LEVEL = 0;
				GCC_PREPROCESSOR_DEFINITIONS = (
					"DEBUG=1",
					"$(inherited)",
				);
				GCC_WARN_64_TO_32_BIT_CONVERSION = YES;
				GCC_WARN_ABOUT_RETURN_TYPE = YES_ERROR;
				GCC_WARN_UNDECLARED_SELECTOR = YES;
				GCC_WARN_UNINITIALIZED_AUTOS = YES_AGGRESSIVE;
				GCC_WARN_UNUSED_FUNCTION = YES;
				GCC_WARN_UNUSED_VARIABLE = YES;
				LOCALIZATION_PREFERS_STRING_CATALOGS = YES;
				MTL_ENABLE_DEBUG_INFO = INCLUDE_SOURCE;
				MTL_FAST_MATH = YES;
				ONLY_ACTIVE_ARCH = YES;
				SWIFT_ACTIVE_COMPILATION_CONDITIONS = "DEBUG $(inherited)";
				SWIFT_OPTIMIZATION_LEVEL = "-Onone";
			};
			name = Debug;
		};
		3099AA552BD3BD0400240EEF /* Release */ = {
			isa = XCBuildConfiguration;
			buildSettings = {
				ALWAYS_SEARCH_USER_PATHS = NO;
				ASSETCATALOG_COMPILER_GENERATE_SWIFT_ASSET_SYMBOL_EXTENSIONS = YES;
				CLANG_ANALYZER_NONNULL = YES;
				CLANG_ANALYZER_NUMBER_OBJECT_CONVERSION = YES_AGGRESSIVE;
				CLANG_CXX_LANGUAGE_STANDARD = "gnu++20";
				CLANG_ENABLE_MODULES = YES;
				CLANG_ENABLE_OBJC_ARC = YES;
				CLANG_ENABLE_OBJC_WEAK = YES;
				CLANG_WARN_BLOCK_CAPTURE_AUTORELEASING = YES;
				CLANG_WARN_BOOL_CONVERSION = YES;
				CLANG_WARN_COMMA = YES;
				CLANG_WARN_CONSTANT_CONVERSION = YES;
				CLANG_WARN_DEPRECATED_OBJC_IMPLEMENTATIONS = YES;
				CLANG_WARN_DIRECT_OBJC_ISA_USAGE = YES_ERROR;
				CLANG_WARN_DOCUMENTATION_COMMENTS = YES;
				CLANG_WARN_EMPTY_BODY = YES;
				CLANG_WARN_ENUM_CONVERSION = YES;
				CLANG_WARN_INFINITE_RECURSION = YES;
				CLANG_WARN_INT_CONVERSION = YES;
				CLANG_WARN_NON_LITERAL_NULL_CONVERSION = YES;
				CLANG_WARN_OBJC_IMPLICIT_RETAIN_SELF = YES;
				CLANG_WARN_OBJC_LITERAL_CONVERSION = YES;
				CLANG_WARN_OBJC_ROOT_CLASS = YES_ERROR;
				CLANG_WARN_QUOTED_INCLUDE_IN_FRAMEWORK_HEADER = YES;
				CLANG_WARN_RANGE_LOOP_ANALYSIS = YES;
				CLANG_WARN_STRICT_PROTOTYPES = YES;
				CLANG_WARN_SUSPICIOUS_MOVE = YES;
				CLANG_WARN_UNGUARDED_AVAILABILITY = YES_AGGRESSIVE;
				CLANG_WARN_UNREACHABLE_CODE = YES;
				CLANG_WARN__DUPLICATE_METHOD_MATCH = YES;
				COPY_PHASE_STRIP = NO;
				DEBUG_INFORMATION_FORMAT = "dwarf-with-dsym";
				ENABLE_NS_ASSERTIONS = NO;
				ENABLE_STRICT_OBJC_MSGSEND = YES;
				ENABLE_USER_SCRIPT_SANDBOXING = YES;
				GCC_C_LANGUAGE_STANDARD = gnu17;
				GCC_NO_COMMON_BLOCKS = YES;
				GCC_WARN_64_TO_32_BIT_CONVERSION = YES;
				GCC_WARN_ABOUT_RETURN_TYPE = YES_ERROR;
				GCC_WARN_UNDECLARED_SELECTOR = YES;
				GCC_WARN_UNINITIALIZED_AUTOS = YES_AGGRESSIVE;
				GCC_WARN_UNUSED_FUNCTION = YES;
				GCC_WARN_UNUSED_VARIABLE = YES;
				LOCALIZATION_PREFERS_STRING_CATALOGS = YES;
				MTL_ENABLE_DEBUG_INFO = NO;
				MTL_FAST_MATH = YES;
				SWIFT_COMPILATION_MODE = wholemodule;
			};
			name = Release;
		};
		3099AA572BD3BD0400240EEF /* Debug */ = {
			isa = XCBuildConfiguration;
			buildSettings = {
				ASSETCATALOG_COMPILER_APPICON_NAME = AppIcon;
				ASSETCATALOG_COMPILER_GLOBAL_ACCENT_COLOR_NAME = AccentColor;
				CODE_SIGN_ENTITLEMENTS = "intagram-story/intagram_story.entitlements";
				CODE_SIGN_STYLE = Automatic;
				CURRENT_PROJECT_VERSION = 1;
				DEVELOPMENT_ASSET_PATHS = "\"intagram-story/Preview Content\"";
				ENABLE_PREVIEWS = YES;
				GENERATE_INFOPLIST_FILE = YES;
				"INFOPLIST_KEY_UIApplicationSceneManifest_Generation[sdk=iphoneos*]" = YES;
				"INFOPLIST_KEY_UIApplicationSceneManifest_Generation[sdk=iphonesimulator*]" = YES;
				"INFOPLIST_KEY_UIApplicationSupportsIndirectInputEvents[sdk=iphoneos*]" = YES;
				"INFOPLIST_KEY_UIApplicationSupportsIndirectInputEvents[sdk=iphonesimulator*]" = YES;
				"INFOPLIST_KEY_UILaunchScreen_Generation[sdk=iphoneos*]" = YES;
				"INFOPLIST_KEY_UILaunchScreen_Generation[sdk=iphonesimulator*]" = YES;
				"INFOPLIST_KEY_UIStatusBarStyle[sdk=iphoneos*]" = UIStatusBarStyleDefault;
				"INFOPLIST_KEY_UIStatusBarStyle[sdk=iphonesimulator*]" = UIStatusBarStyleDefault;
				INFOPLIST_KEY_UISupportedInterfaceOrientations_iPad = "UIInterfaceOrientationPortrait UIInterfaceOrientationPortraitUpsideDown UIInterfaceOrientationLandscapeLeft UIInterfaceOrientationLandscapeRight";
				INFOPLIST_KEY_UISupportedInterfaceOrientations_iPhone = "UIInterfaceOrientationPortrait UIInterfaceOrientationLandscapeLeft UIInterfaceOrientationLandscapeRight";
				IPHONEOS_DEPLOYMENT_TARGET = 17.4;
				LD_RUNPATH_SEARCH_PATHS = "@executable_path/Frameworks";
				"LD_RUNPATH_SEARCH_PATHS[sdk=macosx*]" = "@executable_path/../Frameworks";
				MACOSX_DEPLOYMENT_TARGET = 14.0;
				MARKETING_VERSION = 1.0;
				PRODUCT_BUNDLE_IDENTIFIER = "-LVZ4CKM52.intagram-story";
				PRODUCT_NAME = "$(TARGET_NAME)";
				SDKROOT = auto;
				SUPPORTED_PLATFORMS = "iphoneos iphonesimulator macosx";
				SWIFT_EMIT_LOC_STRINGS = YES;
				SWIFT_VERSION = 5.0;
				TARGETED_DEVICE_FAMILY = "1,2";
			};
			name = Debug;
		};
		3099AA582BD3BD0400240EEF /* Release */ = {
			isa = XCBuildConfiguration;
			buildSettings = {
				ASSETCATALOG_COMPILER_APPICON_NAME = AppIcon;
				ASSETCATALOG_COMPILER_GLOBAL_ACCENT_COLOR_NAME = AccentColor;
				CODE_SIGN_ENTITLEMENTS = "intagram-story/intagram_story.entitlements";
				CODE_SIGN_STYLE = Automatic;
				CURRENT_PROJECT_VERSION = 1;
				DEVELOPMENT_ASSET_PATHS = "\"intagram-story/Preview Content\"";
				ENABLE_PREVIEWS = YES;
				GENERATE_INFOPLIST_FILE = YES;
				"INFOPLIST_KEY_UIApplicationSceneManifest_Generation[sdk=iphoneos*]" = YES;
				"INFOPLIST_KEY_UIApplicationSceneManifest_Generation[sdk=iphonesimulator*]" = YES;
				"INFOPLIST_KEY_UIApplicationSupportsIndirectInputEvents[sdk=iphoneos*]" = YES;
				"INFOPLIST_KEY_UIApplicationSupportsIndirectInputEvents[sdk=iphonesimulator*]" = YES;
				"INFOPLIST_KEY_UILaunchScreen_Generation[sdk=iphoneos*]" = YES;
				"INFOPLIST_KEY_UILaunchScreen_Generation[sdk=iphonesimulator*]" = YES;
				"INFOPLIST_KEY_UIStatusBarStyle[sdk=iphoneos*]" = UIStatusBarStyleDefault;
				"INFOPLIST_KEY_UIStatusBarStyle[sdk=iphonesimulator*]" = UIStatusBarStyleDefault;
				INFOPLIST_KEY_UISupportedInterfaceOrientations_iPad = "UIInterfaceOrientationPortrait UIInterfaceOrientationPortraitUpsideDown UIInterfaceOrientationLandscapeLeft UIInterfaceOrientationLandscapeRight";
				INFOPLIST_KEY_UISupportedInterfaceOrientations_iPhone = "UIInterfaceOrientationPortrait UIInterfaceOrientationLandscapeLeft UIInterfaceOrientationLandscapeRight";
				IPHONEOS_DEPLOYMENT_TARGET = 17.4;
				LD_RUNPATH_SEARCH_PATHS = "@executable_path/Frameworks";
				"LD_RUNPATH_SEARCH_PATHS[sdk=macosx*]" = "@executable_path/../Frameworks";
				MACOSX_DEPLOYMENT_TARGET = 14.0;
				MARKETING_VERSION = 1.0;
				PRODUCT_BUNDLE_IDENTIFIER = "-LVZ4CKM52.intagram-story";
				PRODUCT_NAME = "$(TARGET_NAME)";
				SDKROOT = auto;
				SUPPORTED_PLATFORMS = "iphoneos iphonesimulator macosx";
				SWIFT_EMIT_LOC_STRINGS = YES;
				SWIFT_VERSION = 5.0;
				TARGETED_DEVICE_FAMILY = "1,2";
			};
			name = Release;
		};
		3099AA5A2BD3BD0400240EEF /* Debug */ = {
			isa = XCBuildConfiguration;
			buildSettings = {
				ALWAYS_EMBED_SWIFT_STANDARD_LIBRARIES = YES;
				BUNDLE_LOADER = "$(TEST_HOST)";
				CODE_SIGN_STYLE = Automatic;
				CURRENT_PROJECT_VERSION = 1;
				GENERATE_INFOPLIST_FILE = YES;
				IPHONEOS_DEPLOYMENT_TARGET = 17.4;
				MACOSX_DEPLOYMENT_TARGET = 14.4;
				MARKETING_VERSION = 1.0;
				PRODUCT_BUNDLE_IDENTIFIER = "-LVZ4CKM52.intagram-storyTests";
				PRODUCT_NAME = "$(TARGET_NAME)";
				SDKROOT = auto;
				SUPPORTED_PLATFORMS = "iphoneos iphonesimulator macosx";
				SWIFT_EMIT_LOC_STRINGS = NO;
				SWIFT_VERSION = 5.0;
				TARGETED_DEVICE_FAMILY = "1,2";
				TEST_HOST = "$(BUILT_PRODUCTS_DIR)/intagram-story.app/$(BUNDLE_EXECUTABLE_FOLDER_PATH)/intagram-story";
			};
			name = Debug;
		};
		3099AA5B2BD3BD0400240EEF /* Release */ = {
			isa = XCBuildConfiguration;
			buildSettings = {
				ALWAYS_EMBED_SWIFT_STANDARD_LIBRARIES = YES;
				BUNDLE_LOADER = "$(TEST_HOST)";
				CODE_SIGN_STYLE = Automatic;
				CURRENT_PROJECT_VERSION = 1;
				GENERATE_INFOPLIST_FILE = YES;
				IPHONEOS_DEPLOYMENT_TARGET = 17.4;
				MACOSX_DEPLOYMENT_TARGET = 14.4;
				MARKETING_VERSION = 1.0;
				PRODUCT_BUNDLE_IDENTIFIER = "-LVZ4CKM52.intagram-storyTests";
				PRODUCT_NAME = "$(TARGET_NAME)";
				SDKROOT = auto;
				SUPPORTED_PLATFORMS = "iphoneos iphonesimulator macosx";
				SWIFT_EMIT_LOC_STRINGS = NO;
				SWIFT_VERSION = 5.0;
				TARGETED_DEVICE_FAMILY = "1,2";
				TEST_HOST = "$(BUILT_PRODUCTS_DIR)/intagram-story.app/$(BUNDLE_EXECUTABLE_FOLDER_PATH)/intagram-story";
			};
			name = Release;
		};
		3099AA5D2BD3BD0400240EEF /* Debug */ = {
			isa = XCBuildConfiguration;
			buildSettings = {
				ALWAYS_EMBED_SWIFT_STANDARD_LIBRARIES = YES;
				CODE_SIGN_STYLE = Automatic;
				CURRENT_PROJECT_VERSION = 1;
				GENERATE_INFOPLIST_FILE = YES;
				IPHONEOS_DEPLOYMENT_TARGET = 17.4;
				MACOSX_DEPLOYMENT_TARGET = 14.4;
				MARKETING_VERSION = 1.0;
				PRODUCT_BUNDLE_IDENTIFIER = "-LVZ4CKM52.intagram-storyUITests";
				PRODUCT_NAME = "$(TARGET_NAME)";
				SDKROOT = auto;
				SUPPORTED_PLATFORMS = "iphoneos iphonesimulator macosx";
				SWIFT_EMIT_LOC_STRINGS = NO;
				SWIFT_VERSION = 5.0;
				TARGETED_DEVICE_FAMILY = "1,2";
				TEST_TARGET_NAME = "intagram-story";
			};
			name = Debug;
		};
		3099AA5E2BD3BD0400240EEF /* Release */ = {
			isa = XCBuildConfiguration;
			buildSettings = {
				ALWAYS_EMBED_SWIFT_STANDARD_LIBRARIES = YES;
				CODE_SIGN_STYLE = Automatic;
				CURRENT_PROJECT_VERSION = 1;
				GENERATE_INFOPLIST_FILE = YES;
				IPHONEOS_DEPLOYMENT_TARGET = 17.4;
				MACOSX_DEPLOYMENT_TARGET = 14.4;
				MARKETING_VERSION = 1.0;
				PRODUCT_BUNDLE_IDENTIFIER = "-LVZ4CKM52.intagram-storyUITests";
				PRODUCT_NAME = "$(TARGET_NAME)";
				SDKROOT = auto;
				SUPPORTED_PLATFORMS = "iphoneos iphonesimulator macosx";
				SWIFT_EMIT_LOC_STRINGS = NO;
				SWIFT_VERSION = 5.0;
				TARGETED_DEVICE_FAMILY = "1,2";
				TEST_TARGET_NAME = "intagram-story";
			};
			name = Release;
		};
/* End XCBuildConfiguration section */

/* Begin XCConfigurationList section */
		3099AA2A2BD3BD0200240EEF /* Build configuration list for PBXProject "intagram-story" */ = {
			isa = XCConfigurationList;
			buildConfigurations = (
				3099AA542BD3BD0400240EEF /* Debug */,
				3099AA552BD3BD0400240EEF /* Release */,
			);
			defaultConfigurationIsVisible = 0;
			defaultConfigurationName = Release;
		};
		3099AA562BD3BD0400240EEF /* Build configuration list for PBXNativeTarget "intagram-story" */ = {
			isa = XCConfigurationList;
			buildConfigurations = (
				3099AA572BD3BD0400240EEF /* Debug */,
				3099AA582BD3BD0400240EEF /* Release */,
			);
			defaultConfigurationIsVisible = 0;
			defaultConfigurationName = Release;
		};
		3099AA592BD3BD0400240EEF /* Build configuration list for PBXNativeTarget "intagram-storyTests" */ = {
			isa = XCConfigurationList;
			buildConfigurations = (
				3099AA5A2BD3BD0400240EEF /* Debug */,
				3099AA5B2BD3BD0400240EEF /* Release */,
			);
			defaultConfigurationIsVisible = 0;
			defaultConfigurationName = Release;
		};
		3099AA5C2BD3BD0400240EEF /* Build configuration list for PBXNativeTarget "intagram-storyUITests" */ = {
			isa = XCConfigurationList;
			buildConfigurations = (
				3099AA5D2BD3BD0400240EEF /* Debug */,
				3099AA5E2BD3BD0400240EEF /* Release */,
			);
			defaultConfigurationIsVisible = 0;
			defaultConfigurationName = Release;
		};
/* End XCConfigurationList section */
	};
	rootObject = 3099AA272BD3BD0200240EEF /* Project object */;
}
